<Solution>
  <Configurations>
    <Platform Name="Any CPU" />
    <Platform Name="ARM" />
    <Platform Name="ARM64" />
    <Platform Name="x64" />
    <Platform Name="x86" />
  </Configurations>
  <Project Path="ExampleDesktop/ExampleDesktop.csproj" Id="e3c4a7da-b3a1-4888-8b04-9e14232e59f6" />
  <Project Path="WinUniversalPackage/WinUniversalPackage.wapproj" Type="c7167f0d-bc9f-4e6e-afe1-012c56b48db5" Id="dd5f6a03-9431-405d-90e3-abe1a1e90c10">
    <Deploy />
  </Project>
  <Project Path="WiXExample/WiXExample.wixproj" Id="f0bf4efa-c6b5-425c-99db-674ccd97ab70">
    <Platform Project="x86" />
    <Build />
  </Project>
</Solution>
